{
  "version": 4,
  "terraform_version": "1.12.2",
  "serial": 13,
  "lineage": "4e74986a-6adb-4d12-dac9-b9b1bc2d52e0",
  "outputs": {
    "output_users": {
      "value": [
        {
          "role": "AmazonEC2FullAccess",
          "username": "raju"
        },
        {
          "role": "AmazonS3ReadOnlyAccess",
          "username": "sham"
        },
        {
          "role": "AmazonS3ReadOnlyAccess",
          "username": "kaushik"
        },
        {
          "role": "AmazonEC2FullAccess",
          "username": "kaushik"
        }
      ],
      "type": [
        "tuple",
        [
          [
            "object",
            {
              "role": "string",
              "username": "string"
            }
          ],
          [
            "object",
            {
              "role": "string",
              "username": "string"
            }
          ],
          [
            "object",
            {
              "role": "string",
              "username": "string"
            }
          ],
          [
            "object",
            {
              "role": "string",
              "username": "string"
            }
          ]
        ]
      ]
    }
  },
  "resources": [
    {
      "mode": "managed",
      "type": "aws_iam_user",
      "name": "main",
      "provider": "provider[\"registry.terraform.io/hashicorp/aws\"]",
      "instances": [
        {
          "index_key": "kaushik",
          "schema_version": 0,
          "attributes": {
            "arn": "arn:aws:iam::240435918562:user/kaushik",
            "force_destroy": false,
            "id": "kaushik",
            "name": "kaushik",
            "path": "/",
            "permissions_boundary": "",
            "tags": {},
            "tags_all": {},
            "unique_id": "AIDATP6YY63RFCEEEDYJY"
          },
          "sensitive_attributes": [],
          "identity_schema_version": 0,
          "private": "bnVsbA=="
        },
        {
          "index_key": "raju",
          "schema_version": 0,
          "attributes": {
            "arn": "arn:aws:iam::240435918562:user/raju",
            "force_destroy": false,
            "id": "raju",
            "name": "raju",
            "path": "/",
            "permissions_boundary": "",
            "tags": {},
            "tags_all": {},
            "unique_id": "AIDATP6YY63RMGEOUCGP6"
          },
          "sensitive_attributes": [],
          "identity_schema_version": 0,
          "private": "bnVsbA=="
        },
        {
          "index_key": "sham",
          "schema_version": 0,
          "attributes": {
            "arn": "arn:aws:iam::240435918562:user/sham",
            "force_destroy": false,
            "id": "sham",
            "name": "sham",
            "path": "/",
            "permissions_boundary": "",
            "tags": {},
            "tags_all": {},
            "unique_id": "AIDATP6YY63RBADFX6WSS"
          },
          "sensitive_attributes": [],
          "identity_schema_version": 0,
          "private": "bnVsbA=="
        }
      ]
    },
    {
      "mode": "managed",
      "type": "aws_iam_user_login_profile",
      "name": "profile",
      "provider": "provider[\"registry.terraform.io/hashicorp/aws\"]",
      "instances": [
        {
          "index_key": "kaushik",
          "schema_version": 0,
          "attributes": {
            "encrypted_password": null,
            "id": "kaushik",
            "key_fingerprint": null,
            "password": "eGXQ\u0026R#ulwz0",
            "password_length": 12,
            "password_reset_required": null,
            "pgp_key": null,
            "user": "kaushik"
          },
          "sensitive_attributes": [
            [
              {
                "type": "get_attr",
                "value": "password"
              }
            ]
          ],
          "identity_schema_version": 0,
          "private": "bnVsbA==",
          "dependencies": [
            "aws_iam_user.main"
          ]
        },
        {
          "index_key": "raju",
          "schema_version": 0,
          "attributes": {
            "encrypted_password": null,
            "id": "raju",
            "key_fingerprint": null,
            "password": "cT*-LYO5^mhI",
            "password_length": 12,
            "password_reset_required": null,
            "pgp_key": null,
            "user": "raju"
          },
          "sensitive_attributes": [
            [
              {
                "type": "get_attr",
                "value": "password"
              }
            ]
          ],
          "identity_schema_version": 0,
          "private": "bnVsbA==",
          "dependencies": [
            "aws_iam_user.main"
          ]
        },
        {
          "index_key": "sham",
          "schema_version": 0,
          "attributes": {
            "encrypted_password": null,
            "id": "sham",
            "key_fingerprint": null,
            "password": "5Dbmm7vOG{8V",
            "password_length": 12,
            "password_reset_required": null,
            "pgp_key": null,
            "user": "sham"
          },
          "sensitive_attributes": [
            [
              {
                "type": "get_attr",
                "value": "password"
              }
            ]
          ],
          "identity_schema_version": 0,
          "private": "bnVsbA==",
          "dependencies": [
            "aws_iam_user.main"
          ]
        }
      ]
    },
    {
      "mode": "managed",
      "type": "aws_iam_user_policy_attachment",
      "name": "main",
      "provider": "provider[\"registry.terraform.io/hashicorp/aws\"]",
      "instances": [
        {
          "index_key": "kaushik-AmazonEC2FullAccess",
          "schema_version": 0,
          "attributes": {
            "id": "kaushik-20250824174655999500000002",
            "policy_arn": "arn:aws:iam::aws:policy/AmazonEC2FullAccess",
            "user": "kaushik"
          },
          "sensitive_attributes": [],
          "identity_schema_version": 0,
          "private": "bnVsbA==",
          "dependencies": [
            "aws_iam_user.main"
          ]
        },
        {
          "index_key": "kaushik-AmazonS3ReadOnlyAccess",
          "schema_version": 0,
          "attributes": {
            "id": "kaushik-20250824174158198400000002",
            "policy_arn": "arn:aws:iam::aws:policy/AmazonS3ReadOnlyAccess",
            "user": "kaushik"
          },
          "sensitive_attributes": [],
          "identity_schema_version": 0,
          "private": "bnVsbA==",
          "dependencies": [
            "aws_iam_user.main"
          ]
        },
        {
          "index_key": "raju-AmazonEC2FullAccess",
          "schema_version": 0,
          "attributes": {
            "id": "raju-20250824174158138900000001",
            "policy_arn": "arn:aws:iam::aws:policy/AmazonEC2FullAccess",
            "user": "raju"
          },
          "sensitive_attributes": [],
          "identity_schema_version": 0,
          "private": "bnVsbA==",
          "dependencies": [
            "aws_iam_user.main"
          ]
        },
        {
          "index_key": "sham-AmazonS3ReadOnlyAccess",
          "schema_version": 0,
          "attributes": {
            "id": "sham-20250824174655999500000001",
            "policy_arn": "arn:aws:iam::aws:policy/AmazonS3ReadOnlyAccess",
            "user": "sham"
          },
          "sensitive_attributes": [],
          "identity_schema_version": 0,
          "private": "bnVsbA==",
          "dependencies": [
            "aws_iam_user.main"
          ]
        }
      ]
    }
  ],
  "check_results": null
}
